// !$*UTF8*$!
{
	archiveVersion = 1;
	classes = {
	};
	objectVersion = 46;
	objects = {

/* Begin PBXBuildFile section */
		3042BD071CE0F4AD0074CF7C /* PingView.h in Headers */ = {isa = PBXBuildFile; fileRef = 3042BD061CE0F4AD0074CF7C /* PingView.h */; };
		3042BD0B1CE0F4CD0074CF7C /* Info.plist in Resources */ = {isa = PBXBuildFile; fileRef = 3042BD0A1CE0F4CD0074CF7C /* Info.plist */; };
		30654DBD1CE2B27000EC1AF5 /* PingBall.h in Headers */ = {isa = PBXBuildFile; fileRef = 30654DBC1CE2B27000EC1AF5 /* PingBall.h */; };
		30654DC11CE2B28E00EC1AF5 /* PingPaddle.h in Headers */ = {isa = PBXBuildFile; fileRef = 30654DC01CE2B28E00EC1AF5 /* PingPaddle.h */; };
		30654DC61CE2B4C100EC1AF5 /* PingPaddle.m in Sources */ = {isa = PBXBuildFile; fileRef = 30654DC21CE2B2AE00EC1AF5 /* PingPaddle.m */; };
		30654DC71CE2B4C600EC1AF5 /* PingBall.m in Sources */ = {isa = PBXBuildFile; fileRef = 30654DBE1CE2B27D00EC1AF5 /* PingBall.m */; };
		30654DC81CE2B4CF00EC1AF5 /* PingView.m in Sources */ = {isa = PBXBuildFile; fileRef = 3042BD081CE0F4B70074CF7C /* PingView.m */; };
/* End PBXBuildFile section */

/* Begin PBXFileReference section */
		3042BCD41CE0F1E50074CF7C /* Ping.saver */ = {isa = PBXFileReference; explicitFileType = wrapper.cfbundle; includeInIndex = 0; path = Ping.saver; sourceTree = BUILT_PRODUCTS_DIR; };
		3042BD061CE0F4AD0074CF7C /* PingView.h */ = {isa = PBXFileReference; fileEncoding = 4; lastKnownFileType = sourcecode.c.h; path = PingView.h; sourceTree = "<group>"; };
		3042BD081CE0F4B70074CF7C /* PingView.m */ = {isa = PBXFileReference; fileEncoding = 4; lastKnownFileType = sourcecode.c.objc; path = PingView.m; sourceTree = "<group>"; };
		3042BD0A1CE0F4CD0074CF7C /* Info.plist */ = {isa = PBXFileReference; fileEncoding = 4; lastKnownFileType = text.plist.xml; path = Info.plist; sourceTree = "<group>"; };
		30654D321CE2AA2600EC1AF5 /* Info.plist */ = {isa = PBXFileReference; lastKnownFileType = text.plist.xml; path = Info.plist; sourceTree = "<group>"; };
		30654D331CE2AA2600EC1AF5 /* PingToolsTests.m */ = {isa = PBXFileReference; lastKnownFileType = sourcecode.c.objc; path = PingToolsTests.m; sourceTree = "<group>"; };
		30654DBC1CE2B27000EC1AF5 /* PingBall.h */ = {isa = PBXFileReference; fileEncoding = 4; lastKnownFileType = sourcecode.c.h; path = PingBall.h; sourceTree = "<group>"; };
		30654DBE1CE2B27D00EC1AF5 /* PingBall.m */ = {isa = PBXFileReference; fileEncoding = 4; lastKnownFileType = sourcecode.c.objc; path = PingBall.m; sourceTree = "<group>"; };
		30654DC01CE2B28E00EC1AF5 /* PingPaddle.h */ = {isa = PBXFileReference; fileEncoding = 4; lastKnownFileType = sourcecode.c.h; path = PingPaddle.h; sourceTree = "<group>"; };
		30654DC21CE2B2AE00EC1AF5 /* PingPaddle.m */ = {isa = PBXFileReference; fileEncoding = 4; lastKnownFileType = sourcecode.c.objc; path = PingPaddle.m; sourceTree = "<group>"; };
/* End PBXFileReference section */

/* Begin PBXFrameworksBuildPhase section */
		3042BCD01CE0F1E50074CF7C /* Frameworks */ = {
			isa = PBXFrameworksBuildPhase;
			buildActionMask = 2147483647;
			files = (
			);
			runOnlyForDeploymentPostprocessing = 0;
		};
/* End PBXFrameworksBuildPhase section */

/* Begin PBXGroup section */
		3042BCCA1CE0F1E50074CF7C = {
			isa = PBXGroup;
			children = (
				3042BCD61CE0F1E50074CF7C /* Ping */,
				30654D301CE2AA2600EC1AF5 /* PingToolsTests */,
				3042BCD51CE0F1E50074CF7C /* Products */,
			);
			sourceTree = "<group>";
		};
		3042BCD51CE0F1E50074CF7C /* Products */ = {
			isa = PBXGroup;
			children = (
				3042BCD41CE0F1E50074CF7C /* Ping.saver */,
			);
			name = Products;
			sourceTree = "<group>";
		};
		3042BCD61CE0F1E50074CF7C /* Ping */ = {
			isa = PBXGroup;
			children = (
				30654DC01CE2B28E00EC1AF5 /* PingPaddle.h */,
				30654DC21CE2B2AE00EC1AF5 /* PingPaddle.m */,
				30654DBC1CE2B27000EC1AF5 /* PingBall.h */,
				30654DBE1CE2B27D00EC1AF5 /* PingBall.m */,
				3042BD061CE0F4AD0074CF7C /* PingView.h */,
				3042BD081CE0F4B70074CF7C /* PingView.m */,
				3042BCD71CE0F1E50074CF7C /* Supporting Files */,
			);
			path = Ping;
			sourceTree = "<group>";
		};
		3042BCD71CE0F1E50074CF7C /* Supporting Files */ = {
			isa = PBXGroup;
			children = (
				3042BD0A1CE0F4CD0074CF7C /* Info.plist */,
			);
			name = "Supporting Files";
			sourceTree = "<group>";
		};
		30654D301CE2AA2600EC1AF5 /* PingToolsTests */ = {
			isa = PBXGroup;
			children = (
				30654D331CE2AA2600EC1AF5 /* PingToolsTests.m */,
				30654D311CE2AA2600EC1AF5 /* Supporting Files */,
			);
			path = PingToolsTests;
			sourceTree = "<group>";
		};
		30654D311CE2AA2600EC1AF5 /* Supporting Files */ = {
			isa = PBXGroup;
			children = (
				30654D321CE2AA2600EC1AF5 /* Info.plist */,
			);
			name = "Supporting Files";
			sourceTree = "<group>";
		};
/* End PBXGroup section */

/* Begin PBXHeadersBuildPhase section */
		3042BCD11CE0F1E50074CF7C /* Headers */ = {
			isa = PBXHeadersBuildPhase;
			buildActionMask = 2147483647;
			files = (
				3042BD071CE0F4AD0074CF7C /* PingView.h in Headers */,
				30654DBD1CE2B27000EC1AF5 /* PingBall.h in Headers */,
				30654DC11CE2B28E00EC1AF5 /* PingPaddle.h in Headers */,
			);
			runOnlyForDeploymentPostprocessing = 0;
		};
/* End PBXHeadersBuildPhase section */

/* Begin PBXNativeTarget section */
		3042BCD31CE0F1E50074CF7C /* Ping */ = {
			isa = PBXNativeTarget;
			buildConfigurationList = 3042BCDF1CE0F1E50074CF7C /* Build configuration list for PBXNativeTarget "Ping" */;
			buildPhases = (
				3042BCCF1CE0F1E50074CF7C /* Sources */,
				3042BCD01CE0F1E50074CF7C /* Frameworks */,
				3042BCD11CE0F1E50074CF7C /* Headers */,
				3042BCD21CE0F1E50074CF7C /* Resources */,
			);
			buildRules = (
			);
			dependencies = (
			);
			name = Ping;
			productName = Ping;
			productReference = 3042BCD41CE0F1E50074CF7C /* Ping.saver */;
			productType = "com.apple.product-type.bundle";
		};
/* End PBXNativeTarget section */

/* Begin PBXProject section */
		3042BCCB1CE0F1E50074CF7C /* Project object */ = {
			isa = PBXProject;
			attributes = {
				LastUpgradeCheck = 0610;
				ORGANIZATIONNAME = cmarangu;
				TargetAttributes = {
					3042BCD31CE0F1E50074CF7C = {
						CreatedOnToolsVersion = 6.1.1;
					};
				};
			};
			buildConfigurationList = 3042BCCE1CE0F1E50074CF7C /* Build configuration list for PBXProject "Ping" */;
			compatibilityVersion = "Xcode 3.2";
			developmentRegion = English;
			hasScannedForEncodings = 0;
			knownRegions = (
				en,
			);
			mainGroup = 3042BCCA1CE0F1E50074CF7C;
			productRefGroup = 3042BCD51CE0F1E50074CF7C /* Products */;
			projectDirPath = "";
			projectRoot = "";
			targets = (
				3042BCD31CE0F1E50074CF7C /* Ping */,
			);
		};
/* End PBXProject section */

/* Begin PBXResourcesBuildPhase section */
		3042BCD21CE0F1E50074CF7C /* Resources */ = {
			isa = PBXResourcesBuildPhase;
			buildActionMask = 2147483647;
			files = (
				3042BD0B1CE0F4CD0074CF7C /* Info.plist in Resources */,
			);
			runOnlyForDeploymentPostprocessing = 0;
		};
/* End PBXResourcesBuildPhase section */

/* Begin PBXSourcesBuildPhase section */
		3042BCCF1CE0F1E50074CF7C /* Sources */ = {
			isa = PBXSourcesBuildPhase;
			buildActionMask = 2147483647;
			files = (
				30654DC71CE2B4C600EC1AF5 /* PingBall.m in Sources */,
				30654DC61CE2B4C100EC1AF5 /* PingPaddle.m in Sources */,
				30654DC81CE2B4CF00EC1AF5 /* PingView.m in Sources */,
			);
			runOnlyForDeploymentPostprocessing = 0;
		};
/* End PBXSourcesBuildPhase section */

/* Begin XCBuildConfiguration section */
		3042BCDD1CE0F1E50074CF7C /* Debug */ = {
			isa = XCBuildConfiguration;
			buildSettings = {
				ALWAYS_SEARCH_USER_PATHS = NO;
				CLANG_CXX_LANGUAGE_STANDARD = "gnu++0x";
				CLANG_CXX_LIBRARY = "libc++";
				CLANG_ENABLE_MODULES = YES;
				CLANG_ENABLE_OBJC_ARC = YES;
				CLANG_WARN_BOOL_CONVERSION = YES;
				CLANG_WARN_CONSTANT_CONVERSION = YES;
				CLANG_WARN_DIRECT_OBJC_ISA_USAGE = YES_ERROR;
				CLANG_WARN_EMPTY_BODY = YES;
				CLANG_WARN_ENUM_CONVERSION = YES;
				CLANG_WARN_INT_CONVERSION = YES;
				CLANG_WARN_OBJC_ROOT_CLASS = YES_ERROR;
				CLANG_WARN_UNREACHABLE_CODE = YES;
				CLANG_WARN__DUPLICATE_METHOD_MATCH = YES;
				COPY_PHASE_STRIP = NO;
				ENABLE_STRICT_OBJC_MSGSEND = YES;
				GCC_C_LANGUAGE_STANDARD = gnu99;
				GCC_DYNAMIC_NO_PIC = NO;
				GCC_OPTIMIZATION_LEVEL = 0;
				GCC_PREPROCESSOR_DEFINITIONS = (
					"DEBUG=1",
					"$(inherited)",
				);
				GCC_SYMBOLS_PRIVATE_EXTERN = NO;
				GCC_WARN_64_TO_32_BIT_CONVERSION = YES;
				GCC_WARN_ABOUT_RETURN_TYPE = YES_ERROR;
				GCC_WARN_UNDECLARED_SELECTOR = YES;
				GCC_WARN_UNINITIALIZED_AUTOS = YES_AGGRESSIVE;
				GCC_WARN_UNUSED_FUNCTION = YES;
				GCC_WARN_UNUSED_VARIABLE = YES;
				MACOSX_DEPLOYMENT_TARGET = 10.9;
				MTL_ENABLE_DEBUG_INFO = YES;
				ONLY_ACTIVE_ARCH = YES;
				SDKROOT = macosx;
			};
			name = Debug;
		};
		3042BCDE1CE0F1E50074CF7C /* Release */ = {
			isa = XCBuildConfiguration;
			buildSettings = {
				ALWAYS_SEARCH_USER_PATHS = NO;
				CLANG_CXX_LANGUAGE_STANDARD = "gnu++0x";
				CLANG_CXX_LIBRARY = "libc++";
				CLANG_ENABLE_MODULES = YES;
				CLANG_ENABLE_OBJC_ARC = YES;
				CLANG_WARN_BOOL_CONVERSION = YES;
				CLANG_WARN_CONSTANT_CONVERSION = YES;
				CLANG_WARN_DIRECT_OBJC_ISA_USAGE = YES_ERROR;
				CLANG_WARN_EMPTY_BODY = YES;
				CLANG_WARN_ENUM_CONVERSION = YES;
				CLANG_WARN_INT_CONVERSION = YES;
				CLANG_WARN_OBJC_ROOT_CLASS = YES_ERROR;
				CLANG_WARN_UNREACHABLE_CODE = YES;
				CLANG_WARN__DUPLICATE_METHOD_MATCH = YES;
				COPY_PHASE_STRIP = YES;
				DEBUG_INFORMATION_FORMAT = "dwarf-with-dsym";
				ENABLE_NS_ASSERTIONS = NO;
				ENABLE_STRICT_OBJC_MSGSEND = YES;
				GCC_C_LANGUAGE_STANDARD = gnu99;
				GCC_WARN_64_TO_32_BIT_CONVERSION = YES;
				GCC_WARN_ABOUT_RETURN_TYPE = YES_ERROR;
				GCC_WARN_UNDECLARED_SELECTOR = YES;
				GCC_WARN_UNINITIALIZED_AUTOS = YES_AGGRESSIVE;
				GCC_WARN_UNUSED_FUNCTION = YES;
				GCC_WARN_UNUSED_VARIABLE = YES;
				MACOSX_DEPLOYMENT_TARGET = 10.9;
				MTL_ENABLE_DEBUG_INFO = NO;
				SDKROOT = macosx;
			};
			name = Release;
		};
		3042BCE01CE0F1E50074CF7C /* Debug */ = {
			isa = XCBuildConfiguration;
			buildSettings = {
				COMBINE_HIDPI_IMAGES = YES;
				INFOPLIST_FILE = Ping/Info.plist;
				INSTALL_PATH = "$(HOME)/Library/Screen Savers";
				PRODUCT_NAME = "$(TARGET_NAME)";
				WRAPPER_EXTENSION = saver;
			};
			name = Debug;
		};
		3042BCE11CE0F1E50074CF7C /* Release */ = {
			isa = XCBuildConfiguration;
			buildSettings = {
				COMBINE_HIDPI_IMAGES = YES;
				INFOPLIST_FILE = Ping/Info.plist;
				INSTALL_PATH = "$(HOME)/Library/Screen Savers";
				PRODUCT_NAME = "$(TARGET_NAME)";
				WRAPPER_EXTENSION = saver;
			};
			name = Release;
		};
/* End XCBuildConfiguration section */

/* Begin XCConfigurationList section */
		3042BCCE1CE0F1E50074CF7C /* Build configuration list for PBXProject "Ping" */ = {
			isa = XCConfigurationList;
			buildConfigurations = (
				3042BCDD1CE0F1E50074CF7C /* Debug */,
				3042BCDE1CE0F1E50074CF7C /* Release */,
			);
			defaultConfigurationIsVisible = 0;
			defaultConfigurationName = Release;
		};
		3042BCDF1CE0F1E50074CF7C /* Build configuration list for PBXNativeTarget "Ping" */ = {
			isa = XCConfigurationList;
			buildConfigurations = (
				3042BCE01CE0F1E50074CF7C /* Debug */,
				3042BCE11CE0F1E50074CF7C /* Release */,
			);
			defaultConfigurationIsVisible = 0;
			defaultConfigurationName = Release;
		};
/* End XCConfigurationList section */
	};
	rootObject = 3042BCCB1CE0F1E50074CF7C /* Project object */;
}
